
Microsoft Visual Studio Solution File, Format Version 12.00
# Visual Studio Version 17
VisualStudioVersion = 17.11.35327.3
MinimumVisualStudioVersion = 10.0.40219.1
Project("{FAE04EC0-301F-11D3-BF4B-00C04F79EFBC}") = "EmployeesImporterPlagin", "EmployeesImporterPlagin.csproj", "{5632210F-482F-47DF-BFAC-3F73F9ACE86F}"
EndProject
Global
	GlobalSection(SolutionConfigurationPlatforms) = preSolution
		Debug|Any CPU = Debug|Any CPU
		Release|Any CPU = Release|Any CPU
	EndGlobalSection
	GlobalSection(ProjectConfigurationPlatforms) = postSolution
		{5632210F-482F-47DF-BFAC-3F73F9ACE86F}.Debug|Any CPU.ActiveCfg = Debug|Any CPU
		{5632210F-482F-47DF-BFAC-3F73F9ACE86F}.Debug|Any CPU.Build.0 = Debug|Any CPU
		{5632210F-482F-47DF-BFAC-3F73F9ACE86F}.Release|Any CPU.ActiveCfg = Release|Any CPU
		{5632210F-482F-47DF-BFAC-3F73F9ACE86F}.Release|Any CPU.Build.0 = Release|Any CPU
	EndGlobalSection
	GlobalSection(SolutionProperties) = preSolution
		HideSolutionNode = FALSE
	EndGlobalSection
	GlobalSection(ExtensibilityGlobals) = postSolution
		SolutionGuid = {C76FF2C4-3013-4E40-B20C-6FDA8944408E}
	EndGlobalSection
EndGlobal
